
Microsoft Visual Studio Solution File, Format Version 12.00
# Visual Studio 15
Project("{FAE04EC0-301F-11D3-BF4B-00C04F79EFBC}") = "spine-unity-examples", "spine-unity-examples.csproj", "{60DC320C-7FB3-4C1E-DBF0-4DEC97207CCE}"
EndProject
Project("{FAE04EC0-301F-11D3-BF4B-00C04F79EFBC}") = "spine-unity", "spine-unity.csproj", "{760E467B-3271-A0FB-9AC4-9E194EEC620E}"
EndProject
Project("{FAE04EC0-301F-11D3-BF4B-00C04F79EFBC}") = "Assembly-CSharp", "Assembly-CSharp.csproj", "{2C486C94-B48C-2BFB-70D5-E50B2417D944}"
EndProject
Project("{FAE04EC0-301F-11D3-BF4B-00C04F79EFBC}") = "Assembly-CSharp-firstpass", "Assembly-CSharp-firstpass.csproj", "{4CA37E47-5316-5261-35AA-4D3B866539CA}"
EndProject
Project("{FAE04EC0-301F-11D3-BF4B-00C04F79EFBC}") = "spine-unity-editor", "spine-unity-editor.csproj", "{53D59669-73EB-9924-849F-FCDF76034B25}"
EndProject
Project("{FAE04EC0-301F-11D3-BF4B-00C04F79EFBC}") = "Assembly-CSharp-Editor", "Assembly-CSharp-Editor.csproj", "{B064075B-4672-B329-AF0B-2DF44E282969}"
EndProject
Project("{FAE04EC0-301F-11D3-BF4B-00C04F79EFBC}") = "Assembly-CSharp-Editor-firstpass", "Assembly-CSharp-Editor-firstpass.csproj", "{7D13D105-46F8-B937-0D45-B56F943ED1F2}"
EndProject
Project("{FAE04EC0-301F-11D3-BF4B-00C04F79EFBC}") = "spine-unity-examples-editor", "spine-unity-examples-editor.csproj", "{68604CD9-BEAF-4131-F980-F59477757368}"
EndProject
Global
	GlobalSection(SolutionConfigurationPlatforms) = preSolution
		Debug|Any CPU = Debug|Any CPU
		Release|Any CPU = Release|Any CPU
	EndGlobalSection
	GlobalSection(ProjectConfigurationPlatforms) = postSolution
		{60DC320C-7FB3-4C1E-DBF0-4DEC97207CCE}.Debug|Any CPU.ActiveCfg = Debug|Any CPU
		{60DC320C-7FB3-4C1E-DBF0-4DEC97207CCE}.Debug|Any CPU.Build.0 = Debug|Any CPU
		{60DC320C-7FB3-4C1E-DBF0-4DEC97207CCE}.Release|Any CPU.ActiveCfg = Release|Any CPU
		{60DC320C-7FB3-4C1E-DBF0-4DEC97207CCE}.Release|Any CPU.Build.0 = Release|Any CPU
		{760E467B-3271-A0FB-9AC4-9E194EEC620E}.Debug|Any CPU.ActiveCfg = Debug|Any CPU
		{760E467B-3271-A0FB-9AC4-9E194EEC620E}.Debug|Any CPU.Build.0 = Debug|Any CPU
		{760E467B-3271-A0FB-9AC4-9E194EEC620E}.Release|Any CPU.ActiveCfg = Release|Any CPU
		{760E467B-3271-A0FB-9AC4-9E194EEC620E}.Release|Any CPU.Build.0 = Release|Any CPU
		{2C486C94-B48C-2BFB-70D5-E50B2417D944}.Debug|Any CPU.ActiveCfg = Debug|Any CPU
		{2C486C94-B48C-2BFB-70D5-E50B2417D944}.Debug|Any CPU.Build.0 = Debug|Any CPU
		{2C486C94-B48C-2BFB-70D5-E50B2417D944}.Release|Any CPU.ActiveCfg = Release|Any CPU
		{2C486C94-B48C-2BFB-70D5-E50B2417D944}.Release|Any CPU.Build.0 = Release|Any CPU
		{4CA37E47-5316-5261-35AA-4D3B866539CA}.Debug|Any CPU.ActiveCfg = Debug|Any CPU
		{4CA37E47-5316-5261-35AA-4D3B866539CA}.Debug|Any CPU.Build.0 = Debug|Any CPU
		{4CA37E47-5316-5261-35AA-4D3B866539CA}.Release|Any CPU.ActiveCfg = Release|Any CPU
		{4CA37E47-5316-5261-35AA-4D3B866539CA}.Release|Any CPU.Build.0 = Release|Any CPU
		{53D59669-73EB-9924-849F-FCDF76034B25}.Debug|Any CPU.ActiveCfg = Debug|Any CPU
		{53D59669-73EB-9924-849F-FCDF76034B25}.Debug|Any CPU.Build.0 = Debug|Any CPU
		{53D59669-73EB-9924-849F-FCDF76034B25}.Release|Any CPU.ActiveCfg = Release|Any CPU
		{53D59669-73EB-9924-849F-FCDF76034B25}.Release|Any CPU.Build.0 = Release|Any CPU
		{B064075B-4672-B329-AF0B-2DF44E282969}.Debug|Any CPU.ActiveCfg = Debug|Any CPU
		{B064075B-4672-B329-AF0B-2DF44E282969}.Debug|Any CPU.Build.0 = Debug|Any CPU
		{B064075B-4672-B329-AF0B-2DF44E282969}.Release|Any CPU.ActiveCfg = Release|Any CPU
		{B064075B-4672-B329-AF0B-2DF44E282969}.Release|Any CPU.Build.0 = Release|Any CPU
		{7D13D105-46F8-B937-0D45-B56F943ED1F2}.Debug|Any CPU.ActiveCfg = Debug|Any CPU
		{7D13D105-46F8-B937-0D45-B56F943ED1F2}.Debug|Any CPU.Build.0 = Debug|Any CPU
		{7D13D105-46F8-B937-0D45-B56F943ED1F2}.Release|Any CPU.ActiveCfg = Release|Any CPU
		{7D13D105-46F8-B937-0D45-B56F943ED1F2}.Release|Any CPU.Build.0 = Release|Any CPU
		{68604CD9-BEAF-4131-F980-F59477757368}.Debug|Any CPU.ActiveCfg = Debug|Any CPU
		{68604CD9-BEAF-4131-F980-F59477757368}.Debug|Any CPU.Build.0 = Debug|Any CPU
		{68604CD9-BEAF-4131-F980-F59477757368}.Release|Any CPU.ActiveCfg = Release|Any CPU
		{68604CD9-BEAF-4131-F980-F59477757368}.Release|Any CPU.Build.0 = Release|Any CPU
	EndGlobalSection
	GlobalSection(SolutionProperties) = preSolution
		HideSolutionNode = FALSE
	EndGlobalSection
EndGlobal
